// !$*UTF8*$!
{
	archiveVersion = 1;
	classes = {
	};
	objectVersion = 56;
	objects = {

/* Begin PBXBuildFile section */
		D85301FC2A4B1F6100324822 /* Lesson.swift in Sources */ = {isa = PBXBuildFile; fileRef = D85301FB2A4B1F6100324822 /* Lesson.swift */; };
		D861DCF02A4C192A00AAD5D6 /* GoogleSignIn in Frameworks */ = {isa = PBXBuildFile; productRef = D861DCEF2A4C192A00AAD5D6 /* GoogleSignIn */; };
		D861DCF22A4C192A00AAD5D6 /* GoogleSignInSwift in Frameworks */ = {isa = PBXBuildFile; productRef = D861DCF12A4C192A00AAD5D6 /* GoogleSignInSwift */; };
		D861DCF52A4C1C8B00AAD5D6 /* AuthenticatedView.swift in Sources */ = {isa = PBXBuildFile; fileRef = D861DCF42A4C1C8B00AAD5D6 /* AuthenticatedView.swift */; };
		D861DCF72A4C1CF500AAD5D6 /* AuthenticationView.swift in Sources */ = {isa = PBXBuildFile; fileRef = D861DCF62A4C1CF500AAD5D6 /* AuthenticationView.swift */; };
		D861DCFA2A4C1D5B00AAD5D6 /* AuthenticationViewModel.swift in Sources */ = {isa = PBXBuildFile; fileRef = D861DCF92A4C1D5B00AAD5D6 /* AuthenticationViewModel.swift */; };
		D861DCFC2A4C1D9800AAD5D6 /* UserProfileView.swift in Sources */ = {isa = PBXBuildFile; fileRef = D861DCFB2A4C1D9800AAD5D6 /* UserProfileView.swift */; };
		D861DCFF2A4C1E4A00AAD5D6 /* FirebaseAnalyticsSwift in Frameworks */ = {isa = PBXBuildFile; productRef = D861DCFE2A4C1E4A00AAD5D6 /* FirebaseAnalyticsSwift */; };
		D861DD012A4C1E7C00AAD5D6 /* LoginView.swift in Sources */ = {isa = PBXBuildFile; fileRef = D861DD002A4C1E7C00AAD5D6 /* LoginView.swift */; };
		D861DD032A4C1E9200AAD5D6 /* SignupView.swift in Sources */ = {isa = PBXBuildFile; fileRef = D861DD022A4C1E9200AAD5D6 /* SignupView.swift */; };
		D861DD072A4C519B00AAD5D6 /* LessonsTabView.swift in Sources */ = {isa = PBXBuildFile; fileRef = D861DD062A4C519B00AAD5D6 /* LessonsTabView.swift */; };
		D861DD0A2A4C5E7A00AAD5D6 /* LessonView.swift in Sources */ = {isa = PBXBuildFile; fileRef = D861DD092A4C5E7A00AAD5D6 /* LessonView.swift */; };
		D861DD0E2A4DA2F900AAD5D6 /* prompt.txt in Resources */ = {isa = PBXBuildFile; fileRef = D861DD0D2A4DA2F900AAD5D6 /* prompt.txt */; };
		D879756A2A4AD0C200A804B3 /* FirebaseAuth in Frameworks */ = {isa = PBXBuildFile; productRef = D87975692A4AD0C200A804B3 /* FirebaseAuth */; };
		D879756C2A4AD0C200A804B3 /* FirebaseFirestore in Frameworks */ = {isa = PBXBuildFile; productRef = D879756B2A4AD0C200A804B3 /* FirebaseFirestore */; };
		D88735382A4AF3030094A165 /* GoogleService-Info.plist in Resources */ = {isa = PBXBuildFile; fileRef = D88735372A4AF3030094A165 /* GoogleService-Info.plist */; };
		D88735412A4B06600094A165 /* Credentials.swift in Sources */ = {isa = PBXBuildFile; fileRef = D88735402A4B06600094A165 /* Credentials.swift */; };
		D88735442A4B07A60094A165 /* Extension.swift in Sources */ = {isa = PBXBuildFile; fileRef = D88735432A4B07A60094A165 /* Extension.swift */; };
		D8B9C9142A2F236C001E3AA7 /* AITeacherApp.swift in Sources */ = {isa = PBXBuildFile; fileRef = D8B9C9132A2F236C001E3AA7 /* AITeacherApp.swift */; };
		D8B9C9162A2F236C001E3AA7 /* ContentView.swift in Sources */ = {isa = PBXBuildFile; fileRef = D8B9C9152A2F236C001E3AA7 /* ContentView.swift */; };
		D8B9C9182A2F236D001E3AA7 /* Assets.xcassets in Resources */ = {isa = PBXBuildFile; fileRef = D8B9C9172A2F236D001E3AA7 /* Assets.xcassets */; };
		D8B9C91B2A2F236D001E3AA7 /* Preview Assets.xcassets in Resources */ = {isa = PBXBuildFile; fileRef = D8B9C91A2A2F236D001E3AA7 /* Preview Assets.xcassets */; };
		D8B9C91D2A2F236D001E3AA7 /* Persistence.swift in Sources */ = {isa = PBXBuildFile; fileRef = D8B9C91C2A2F236D001E3AA7 /* Persistence.swift */; };
		D8B9C9202A2F236D001E3AA7 /* AITeacher.xcdatamodeld in Sources */ = {isa = PBXBuildFile; fileRef = D8B9C91E2A2F236D001E3AA7 /* AITeacher.xcdatamodeld */; };
		D8B9C92B2A2F80C9001E3AA7 /* Tutor.swift in Sources */ = {isa = PBXBuildFile; fileRef = D8B9C92A2A2F80C9001E3AA7 /* Tutor.swift */; };
/* End PBXBuildFile section */

/* Begin PBXFileReference section */
		D85301FB2A4B1F6100324822 /* Lesson.swift */ = {isa = PBXFileReference; lastKnownFileType = sourcecode.swift; path = Lesson.swift; sourceTree = "<group>"; };
		D861DCF32A4C196200AAD5D6 /* Info.plist */ = {isa = PBXFileReference; lastKnownFileType = text.plist.xml; path = Info.plist; sourceTree = "<group>"; };
		D861DCF42A4C1C8B00AAD5D6 /* AuthenticatedView.swift */ = {isa = PBXFileReference; lastKnownFileType = sourcecode.swift; path = AuthenticatedView.swift; sourceTree = "<group>"; };
		D861DCF62A4C1CF500AAD5D6 /* AuthenticationView.swift */ = {isa = PBXFileReference; lastKnownFileType = sourcecode.swift; path = AuthenticationView.swift; sourceTree = "<group>"; };
		D861DCF92A4C1D5B00AAD5D6 /* AuthenticationViewModel.swift */ = {isa = PBXFileReference; lastKnownFileType = sourcecode.swift; path = AuthenticationViewModel.swift; sourceTree = "<group>"; };
		D861DCFB2A4C1D9800AAD5D6 /* UserProfileView.swift */ = {isa = PBXFileReference; lastKnownFileType = sourcecode.swift; path = UserProfileView.swift; sourceTree = "<group>"; };
		D861DD002A4C1E7C00AAD5D6 /* LoginView.swift */ = {isa = PBXFileReference; lastKnownFileType = sourcecode.swift; path = LoginView.swift; sourceTree = "<group>"; };
		D861DD022A4C1E9200AAD5D6 /* SignupView.swift */ = {isa = PBXFileReference; lastKnownFileType = sourcecode.swift; path = SignupView.swift; sourceTree = "<group>"; };
		D861DD062A4C519B00AAD5D6 /* LessonsTabView.swift */ = {isa = PBXFileReference; lastKnownFileType = sourcecode.swift; path = LessonsTabView.swift; sourceTree = "<group>"; };
		D861DD092A4C5E7A00AAD5D6 /* LessonView.swift */ = {isa = PBXFileReference; lastKnownFileType = sourcecode.swift; path = LessonView.swift; sourceTree = "<group>"; };
		D861DD0D2A4DA2F900AAD5D6 /* prompt.txt */ = {isa = PBXFileReference; fileEncoding = 4; lastKnownFileType = text; path = prompt.txt; sourceTree = "<group>"; };
		D88735372A4AF3030094A165 /* GoogleService-Info.plist */ = {isa = PBXFileReference; fileEncoding = 4; lastKnownFileType = text.plist.xml; path = "GoogleService-Info.plist"; sourceTree = "<group>"; };
		D88735402A4B06600094A165 /* Credentials.swift */ = {isa = PBXFileReference; lastKnownFileType = sourcecode.swift; path = Credentials.swift; sourceTree = "<group>"; };
		D88735432A4B07A60094A165 /* Extension.swift */ = {isa = PBXFileReference; lastKnownFileType = sourcecode.swift; path = Extension.swift; sourceTree = "<group>"; };
		D8B9C9102A2F236C001E3AA7 /* AITeacher.app */ = {isa = PBXFileReference; explicitFileType = wrapper.application; includeInIndex = 0; path = AITeacher.app; sourceTree = BUILT_PRODUCTS_DIR; };
		D8B9C9132A2F236C001E3AA7 /* AITeacherApp.swift */ = {isa = PBXFileReference; lastKnownFileType = sourcecode.swift; path = AITeacherApp.swift; sourceTree = "<group>"; };
		D8B9C9152A2F236C001E3AA7 /* ContentView.swift */ = {isa = PBXFileReference; lastKnownFileType = sourcecode.swift; path = ContentView.swift; sourceTree = "<group>"; };
		D8B9C9172A2F236D001E3AA7 /* Assets.xcassets */ = {isa = PBXFileReference; lastKnownFileType = folder.assetcatalog; path = Assets.xcassets; sourceTree = "<group>"; };
		D8B9C91A2A2F236D001E3AA7 /* Preview Assets.xcassets */ = {isa = PBXFileReference; lastKnownFileType = folder.assetcatalog; path = "Preview Assets.xcassets"; sourceTree = "<group>"; };
		D8B9C91C2A2F236D001E3AA7 /* Persistence.swift */ = {isa = PBXFileReference; lastKnownFileType = sourcecode.swift; path = Persistence.swift; sourceTree = "<group>"; };
		D8B9C91F2A2F236D001E3AA7 /* AITeacher.xcdatamodel */ = {isa = PBXFileReference; lastKnownFileType = wrapper.xcdatamodel; path = AITeacher.xcdatamodel; sourceTree = "<group>"; };
		D8B9C92A2A2F80C9001E3AA7 /* Tutor.swift */ = {isa = PBXFileReference; lastKnownFileType = sourcecode.swift; path = Tutor.swift; sourceTree = "<group>"; };
/* End PBXFileReference section */

/* Begin PBXFrameworksBuildPhase section */
		D8B9C90D2A2F236C001E3AA7 /* Frameworks */ = {
			isa = PBXFrameworksBuildPhase;
			buildActionMask = 2147483647;
			files = (
				D879756A2A4AD0C200A804B3 /* FirebaseAuth in Frameworks */,
				D879756C2A4AD0C200A804B3 /* FirebaseFirestore in Frameworks */,
				D861DCF02A4C192A00AAD5D6 /* GoogleSignIn in Frameworks */,
				D861DCF22A4C192A00AAD5D6 /* GoogleSignInSwift in Frameworks */,
				D861DCFF2A4C1E4A00AAD5D6 /* FirebaseAnalyticsSwift in Frameworks */,
			);
			runOnlyForDeploymentPostprocessing = 0;
		};
/* End PBXFrameworksBuildPhase section */

/* Begin PBXGroup section */
		D861DCF82A4C1D2100AAD5D6 /* Authentication */ = {
			isa = PBXGroup;
			children = (
				D861DCF62A4C1CF500AAD5D6 /* AuthenticationView.swift */,
				D861DCF42A4C1C8B00AAD5D6 /* AuthenticatedView.swift */,
				D861DCF92A4C1D5B00AAD5D6 /* AuthenticationViewModel.swift */,
				D861DCFB2A4C1D9800AAD5D6 /* UserProfileView.swift */,
				D861DD002A4C1E7C00AAD5D6 /* LoginView.swift */,
				D861DD022A4C1E9200AAD5D6 /* SignupView.swift */,
			);
			path = Authentication;
			sourceTree = "<group>";
		};
		D861DCFD2A4C1E4A00AAD5D6 /* Frameworks */ = {
			isa = PBXGroup;
			children = (
			);
			name = Frameworks;
			sourceTree = "<group>";
		};
		D861DD042A4C200000AAD5D6 /* CoreData */ = {
			isa = PBXGroup;
			children = (
				D8B9C91C2A2F236D001E3AA7 /* Persistence.swift */,
				D8B9C91E2A2F236D001E3AA7 /* AITeacher.xcdatamodeld */,
			);
			path = CoreData;
			sourceTree = "<group>";
		};
		D861DD052A4C50C100AAD5D6 /* Content */ = {
			isa = PBXGroup;
			children = (
				D8B9C9152A2F236C001E3AA7 /* ContentView.swift */,
				D861DD062A4C519B00AAD5D6 /* LessonsTabView.swift */,
				D861DD092A4C5E7A00AAD5D6 /* LessonView.swift */,
			);
			path = Content;
			sourceTree = "<group>";
		};
		D87975492A49ADDF00A804B3 /* Views */ = {
			isa = PBXGroup;
			children = (
				D861DD052A4C50C100AAD5D6 /* Content */,
				D861DCF82A4C1D2100AAD5D6 /* Authentication */,
			);
			path = Views;
			sourceTree = "<group>";
		};
		D88735422A4B078A0094A165 /* Extensions */ = {
			isa = PBXGroup;
			children = (
				D88735432A4B07A60094A165 /* Extension.swift */,
			);
			path = Extensions;
			sourceTree = "<group>";
		};
		D8B9C9072A2F236C001E3AA7 = {
			isa = PBXGroup;
			children = (
				D8B9C9122A2F236C001E3AA7 /* AITeacher */,
				D8B9C9112A2F236C001E3AA7 /* Products */,
				D861DCFD2A4C1E4A00AAD5D6 /* Frameworks */,
			);
			sourceTree = "<group>";
		};
		D8B9C9112A2F236C001E3AA7 /* Products */ = {
			isa = PBXGroup;
			children = (
				D8B9C9102A2F236C001E3AA7 /* AITeacher.app */,
			);
			name = Products;
			sourceTree = "<group>";
		};
		D8B9C9122A2F236C001E3AA7 /* AITeacher */ = {
			isa = PBXGroup;
			children = (
				D88735422A4B078A0094A165 /* Extensions */,
				D87975492A49ADDF00A804B3 /* Views */,
				D8B9C9292A2F80AE001E3AA7 /* Models */,
				D8B9C9132A2F236C001E3AA7 /* AITeacherApp.swift */,
				D861DD042A4C200000AAD5D6 /* CoreData */,
				D8B9C9172A2F236D001E3AA7 /* Assets.xcassets */,
				D861DCF32A4C196200AAD5D6 /* Info.plist */,
				D88735372A4AF3030094A165 /* GoogleService-Info.plist */,
				D8B9C9192A2F236D001E3AA7 /* Preview Content */,
			);
			path = AITeacher;
			sourceTree = "<group>";
		};
		D8B9C9192A2F236D001E3AA7 /* Preview Content */ = {
			isa = PBXGroup;
			children = (
				D8B9C91A2A2F236D001E3AA7 /* Preview Assets.xcassets */,
			);
			path = "Preview Content";
			sourceTree = "<group>";
		};
		D8B9C9292A2F80AE001E3AA7 /* Models */ = {
			isa = PBXGroup;
			children = (
				D8B9C92A2A2F80C9001E3AA7 /* Tutor.swift */,
				D88735402A4B06600094A165 /* Credentials.swift */,
				D85301FB2A4B1F6100324822 /* Lesson.swift */,
				D861DD0D2A4DA2F900AAD5D6 /* prompt.txt */,
			);
			path = Models;
			sourceTree = "<group>";
		};
/* End PBXGroup section */

/* Begin PBXNativeTarget section */
		D8B9C90F2A2F236C001E3AA7 /* AITeacher */ = {
			isa = PBXNativeTarget;
			buildConfigurationList = D8B9C9232A2F236D001E3AA7 /* Build configuration list for PBXNativeTarget "AITeacher" */;
			buildPhases = (
				D8B9C90C2A2F236C001E3AA7 /* Sources */,
				D8B9C90D2A2F236C001E3AA7 /* Frameworks */,
				D8B9C90E2A2F236C001E3AA7 /* Resources */,
				D887353F2A4B024E0094A165 /* ShellScript */,
			);
			buildRules = (
			);
			dependencies = (
			);
			name = AITeacher;
			packageProductDependencies = (
				D87975692A4AD0C200A804B3 /* FirebaseAuth */,
				D879756B2A4AD0C200A804B3 /* FirebaseFirestore */,
				D861DCEF2A4C192A00AAD5D6 /* GoogleSignIn */,
				D861DCF12A4C192A00AAD5D6 /* GoogleSignInSwift */,
				D861DCFE2A4C1E4A00AAD5D6 /* FirebaseAnalyticsSwift */,
			);
			productName = AITeacher;
			productReference = D8B9C9102A2F236C001E3AA7 /* AITeacher.app */;
			productType = "com.apple.product-type.application";
		};
/* End PBXNativeTarget section */

/* Begin PBXProject section */
		D8B9C9082A2F236C001E3AA7 /* Project object */ = {
			isa = PBXProject;
			attributes = {
				BuildIndependentTargetsInParallel = 1;
				LastSwiftUpdateCheck = 1430;
				LastUpgradeCheck = 1430;
				TargetAttributes = {
					D8B9C90F2A2F236C001E3AA7 = {
						CreatedOnToolsVersion = 14.3;
					};
				};
			};
			buildConfigurationList = D8B9C90B2A2F236C001E3AA7 /* Build configuration list for PBXProject "AITeacher" */;
			compatibilityVersion = "Xcode 14.0";
			developmentRegion = en;
			hasScannedForEncodings = 0;
			knownRegions = (
				en,
				Base,
			);
			mainGroup = D8B9C9072A2F236C001E3AA7;
			packageReferences = (
				D87975682A4AD0C200A804B3 /* XCRemoteSwiftPackageReference "firebase-ios-sdk" */,
				D861DCEE2A4C192A00AAD5D6 /* XCRemoteSwiftPackageReference "GoogleSignIn-iOS" */,
			);
			productRefGroup = D8B9C9112A2F236C001E3AA7 /* Products */;
			projectDirPath = "";
			projectRoot = "";
			targets = (
				D8B9C90F2A2F236C001E3AA7 /* AITeacher */,
			);
		};
/* End PBXProject section */

/* Begin PBXResourcesBuildPhase section */
		D8B9C90E2A2F236C001E3AA7 /* Resources */ = {
			isa = PBXResourcesBuildPhase;
			buildActionMask = 2147483647;
			files = (
				D8B9C91B2A2F236D001E3AA7 /* Preview Assets.xcassets in Resources */,
				D88735382A4AF3030094A165 /* GoogleService-Info.plist in Resources */,
				D861DD0E2A4DA2F900AAD5D6 /* prompt.txt in Resources */,
				D8B9C9182A2F236D001E3AA7 /* Assets.xcassets in Resources */,
			);
			runOnlyForDeploymentPostprocessing = 0;
		};
/* End PBXResourcesBuildPhase section */

/* Begin PBXShellScriptBuildPhase section */
		D887353F2A4B024E0094A165 /* ShellScript */ = {
			isa = PBXShellScriptBuildPhase;
			buildActionMask = 2147483647;
			files = (
			);
			inputFileListPaths = (
			);
			inputPaths = (
			);
			outputFileListPaths = (
			);
			outputPaths = (
			);
			runOnlyForDeploymentPostprocessing = 0;
			shellPath = /bin/sh;
			shellScript = "if [ -f \"${PROJECT_DIR}/.env\" ]; then\n    export $(cat \"${PROJECT_DIR}/.env\" | xargs)\nfi\n";
		};
/* End PBXShellScriptBuildPhase section */

/* Begin PBXSourcesBuildPhase section */
		D8B9C90C2A2F236C001E3AA7 /* Sources */ = {
			isa = PBXSourcesBuildPhase;
			buildActionMask = 2147483647;
			files = (
				D8B9C9202A2F236D001E3AA7 /* AITeacher.xcdatamodeld in Sources */,
				D88735442A4B07A60094A165 /* Extension.swift in Sources */,
				D861DCFA2A4C1D5B00AAD5D6 /* AuthenticationViewModel.swift in Sources */,
				D8B9C91D2A2F236D001E3AA7 /* Persistence.swift in Sources */,
				D88735412A4B06600094A165 /* Credentials.swift in Sources */,
				D861DCFC2A4C1D9800AAD5D6 /* UserProfileView.swift in Sources */,
				D861DCF72A4C1CF500AAD5D6 /* AuthenticationView.swift in Sources */,
				D861DCF52A4C1C8B00AAD5D6 /* AuthenticatedView.swift in Sources */,
				D861DD012A4C1E7C00AAD5D6 /* LoginView.swift in Sources */,
				D861DD072A4C519B00AAD5D6 /* LessonsTabView.swift in Sources */,
				D861DD0A2A4C5E7A00AAD5D6 /* LessonView.swift in Sources */,
				D861DD032A4C1E9200AAD5D6 /* SignupView.swift in Sources */,
				D8B9C92B2A2F80C9001E3AA7 /* Tutor.swift in Sources */,
				D8B9C9162A2F236C001E3AA7 /* ContentView.swift in Sources */,
				D8B9C9142A2F236C001E3AA7 /* AITeacherApp.swift in Sources */,
				D85301FC2A4B1F6100324822 /* Lesson.swift in Sources */,
			);
			runOnlyForDeploymentPostprocessing = 0;
		};
/* End PBXSourcesBuildPhase section */

/* Begin XCBuildConfiguration section */
		D8B9C9212A2F236D001E3AA7 /* Debug */ = {
			isa = XCBuildConfiguration;
			buildSettings = {
				ALWAYS_SEARCH_USER_PATHS = NO;
				CLANG_ANALYZER_NONNULL = YES;
				CLANG_ANALYZER_NUMBER_OBJECT_CONVERSION = YES_AGGRESSIVE;
				CLANG_CXX_LANGUAGE_STANDARD = "gnu++20";
				CLANG_ENABLE_MODULES = YES;
				CLANG_ENABLE_OBJC_ARC = YES;
				CLANG_ENABLE_OBJC_WEAK = YES;
				CLANG_WARN_BLOCK_CAPTURE_AUTORELEASING = YES;
				CLANG_WARN_BOOL_CONVERSION = YES;
				CLANG_WARN_COMMA = YES;
				CLANG_WARN_CONSTANT_CONVERSION = YES;
				CLANG_WARN_DEPRECATED_OBJC_IMPLEMENTATIONS = YES;
				CLANG_WARN_DIRECT_OBJC_ISA_USAGE = YES_ERROR;
				CLANG_WARN_DOCUMENTATION_COMMENTS = YES;
				CLANG_WARN_EMPTY_BODY = YES;
				CLANG_WARN_ENUM_CONVERSION = YES;
				CLANG_WARN_INFINITE_RECURSION = YES;
				CLANG_WARN_INT_CONVERSION = YES;
				CLANG_WARN_NON_LITERAL_NULL_CONVERSION = YES;
				CLANG_WARN_OBJC_IMPLICIT_RETAIN_SELF = YES;
				CLANG_WARN_OBJC_LITERAL_CONVERSION = YES;
				CLANG_WARN_OBJC_ROOT_CLASS = YES_ERROR;
				CLANG_WARN_QUOTED_INCLUDE_IN_FRAMEWORK_HEADER = YES;
				CLANG_WARN_RANGE_LOOP_ANALYSIS = YES;
				CLANG_WARN_STRICT_PROTOTYPES = YES;
				CLANG_WARN_SUSPICIOUS_MOVE = YES;
				CLANG_WARN_UNGUARDED_AVAILABILITY = YES_AGGRESSIVE;
				CLANG_WARN_UNREACHABLE_CODE = YES;
				CLANG_WARN__DUPLICATE_METHOD_MATCH = YES;
				COPY_PHASE_STRIP = NO;
				DEBUG_INFORMATION_FORMAT = dwarf;
				ENABLE_STRICT_OBJC_MSGSEND = YES;
				ENABLE_TESTABILITY = YES;
				GCC_C_LANGUAGE_STANDARD = gnu11;
				GCC_DYNAMIC_NO_PIC = NO;
				GCC_NO_COMMON_BLOCKS = YES;
				GCC_OPTIMIZATION_LEVEL = 0;
				GCC_PREPROCESSOR_DEFINITIONS = (
					"DEBUG=1",
					"$(inherited)",
				);
				GCC_WARN_64_TO_32_BIT_CONVERSION = YES;
				GCC_WARN_ABOUT_RETURN_TYPE = YES_ERROR;
				GCC_WARN_UNDECLARED_SELECTOR = YES;
				GCC_WARN_UNINITIALIZED_AUTOS = YES_AGGRESSIVE;
				GCC_WARN_UNUSED_FUNCTION = YES;
				GCC_WARN_UNUSED_VARIABLE = YES;
				IPHONEOS_DEPLOYMENT_TARGET = 16.4;
				MTL_ENABLE_DEBUG_INFO = INCLUDE_SOURCE;
				MTL_FAST_MATH = YES;
				ONLY_ACTIVE_ARCH = YES;
				SDKROOT = iphoneos;
				SWIFT_ACTIVE_COMPILATION_CONDITIONS = DEBUG;
				SWIFT_OPTIMIZATION_LEVEL = "-Onone";
			};
			name = Debug;
		};
		D8B9C9222A2F236D001E3AA7 /* Release */ = {
			isa = XCBuildConfiguration;
			buildSettings = {
				ALWAYS_SEARCH_USER_PATHS = NO;
				CLANG_ANALYZER_NONNULL = YES;
				CLANG_ANALYZER_NUMBER_OBJECT_CONVERSION = YES_AGGRESSIVE;
				CLANG_CXX_LANGUAGE_STANDARD = "gnu++20";
				CLANG_ENABLE_MODULES = YES;
				CLANG_ENABLE_OBJC_ARC = YES;
				CLANG_ENABLE_OBJC_WEAK = YES;
				CLANG_WARN_BLOCK_CAPTURE_AUTORELEASING = YES;
				CLANG_WARN_BOOL_CONVERSION = YES;
				CLANG_WARN_COMMA = YES;
				CLANG_WARN_CONSTANT_CONVERSION = YES;
				CLANG_WARN_DEPRECATED_OBJC_IMPLEMENTATIONS = YES;
				CLANG_WARN_DIRECT_OBJC_ISA_USAGE = YES_ERROR;
				CLANG_WARN_DOCUMENTATION_COMMENTS = YES;
				CLANG_WARN_EMPTY_BODY = YES;
				CLANG_WARN_ENUM_CONVERSION = YES;
				CLANG_WARN_INFINITE_RECURSION = YES;
				CLANG_WARN_INT_CONVERSION = YES;
				CLANG_WARN_NON_LITERAL_NULL_CONVERSION = YES;
				CLANG_WARN_OBJC_IMPLICIT_RETAIN_SELF = YES;
				CLANG_WARN_OBJC_LITERAL_CONVERSION = YES;
				CLANG_WARN_OBJC_ROOT_CLASS = YES_ERROR;
				CLANG_WARN_QUOTED_INCLUDE_IN_FRAMEWORK_HEADER = YES;
				CLANG_WARN_RANGE_LOOP_ANALYSIS = YES;
				CLANG_WARN_STRICT_PROTOTYPES = YES;
				CLANG_WARN_SUSPICIOUS_MOVE = YES;
				CLANG_WARN_UNGUARDED_AVAILABILITY = YES_AGGRESSIVE;
				CLANG_WARN_UNREACHABLE_CODE = YES;
				CLANG_WARN__DUPLICATE_METHOD_MATCH = YES;
				COPY_PHASE_STRIP = NO;
				DEBUG_INFORMATION_FORMAT = "dwarf-with-dsym";
				ENABLE_NS_ASSERTIONS = NO;
				ENABLE_STRICT_OBJC_MSGSEND = YES;
				GCC_C_LANGUAGE_STANDARD = gnu11;
				GCC_NO_COMMON_BLOCKS = YES;
				GCC_WARN_64_TO_32_BIT_CONVERSION = YES;
				GCC_WARN_ABOUT_RETURN_TYPE = YES_ERROR;
				GCC_WARN_UNDECLARED_SELECTOR = YES;
				GCC_WARN_UNINITIALIZED_AUTOS = YES_AGGRESSIVE;
				GCC_WARN_UNUSED_FUNCTION = YES;
				GCC_WARN_UNUSED_VARIABLE = YES;
				IPHONEOS_DEPLOYMENT_TARGET = 16.4;
				MTL_ENABLE_DEBUG_INFO = NO;
				MTL_FAST_MATH = YES;
				SDKROOT = iphoneos;
				SWIFT_COMPILATION_MODE = wholemodule;
				SWIFT_OPTIMIZATION_LEVEL = "-O";
				VALIDATE_PRODUCT = YES;
			};
			name = Release;
		};
		D8B9C9242A2F236D001E3AA7 /* Debug */ = {
			isa = XCBuildConfiguration;
			buildSettings = {
				ASSETCATALOG_COMPILER_APPICON_NAME = AppIcon;
				ASSETCATALOG_COMPILER_GLOBAL_ACCENT_COLOR_NAME = AccentColor;
				CODE_SIGN_STYLE = Automatic;
				CURRENT_PROJECT_VERSION = 1;
				DEVELOPMENT_ASSET_PATHS = "\"AITeacher/Preview Content\"";
				DEVELOPMENT_TEAM = 65ZG4NKQUS;
				ENABLE_PREVIEWS = YES;
				GENERATE_INFOPLIST_FILE = YES;
				INFOPLIST_FILE = AITeacher/Info.plist;
				INFOPLIST_KEY_UIApplicationSceneManifest_Generation = YES;
				INFOPLIST_KEY_UIApplicationSupportsIndirectInputEvents = YES;
				INFOPLIST_KEY_UILaunchScreen_Generation = YES;
				INFOPLIST_KEY_UISupportedInterfaceOrientations_iPad = "UIInterfaceOrientationPortrait UIInterfaceOrientationPortraitUpsideDown UIInterfaceOrientationLandscapeLeft UIInterfaceOrientationLandscapeRight";
				INFOPLIST_KEY_UISupportedInterfaceOrientations_iPhone = "UIInterfaceOrientationPortrait UIInterfaceOrientationLandscapeLeft UIInterfaceOrientationLandscapeRight";
				LD_RUNPATH_SEARCH_PATHS = (
					"$(inherited)",
					"@executable_path/Frameworks",
				);
				MARKETING_VERSION = 1.0;
				PRODUCT_BUNDLE_IDENTIFIER = AITeacherID.AITeacher;
				PRODUCT_NAME = "$(TARGET_NAME)";
				SWIFT_EMIT_LOC_STRINGS = YES;
				SWIFT_VERSION = 5.0;
				TARGETED_DEVICE_FAMILY = "1,2";
			};
			name = Debug;
		};
		D8B9C9252A2F236D001E3AA7 /* Release */ = {
			isa = XCBuildConfiguration;
			buildSettings = {
				ASSETCATALOG_COMPILER_APPICON_NAME = AppIcon;
				ASSETCATALOG_COMPILER_GLOBAL_ACCENT_COLOR_NAME = AccentColor;
				CODE_SIGN_STYLE = Automatic;
				CURRENT_PROJECT_VERSION = 1;
				DEVELOPMENT_ASSET_PATHS = "\"AITeacher/Preview Content\"";
				DEVELOPMENT_TEAM = 65ZG4NKQUS;
				ENABLE_PREVIEWS = YES;
				GENERATE_INFOPLIST_FILE = YES;
				INFOPLIST_FILE = AITeacher/Info.plist;
				INFOPLIST_KEY_UIApplicationSceneManifest_Generation = YES;
				INFOPLIST_KEY_UIApplicationSupportsIndirectInputEvents = YES;
				INFOPLIST_KEY_UILaunchScreen_Generation = YES;
				INFOPLIST_KEY_UISupportedInterfaceOrientations_iPad = "UIInterfaceOrientationPortrait UIInterfaceOrientationPortraitUpsideDown UIInterfaceOrientationLandscapeLeft UIInterfaceOrientationLandscapeRight";
				INFOPLIST_KEY_UISupportedInterfaceOrientations_iPhone = "UIInterfaceOrientationPortrait UIInterfaceOrientationLandscapeLeft UIInterfaceOrientationLandscapeRight";
				LD_RUNPATH_SEARCH_PATHS = (
					"$(inherited)",
					"@executable_path/Frameworks",
				);
				MARKETING_VERSION = 1.0;
				PRODUCT_BUNDLE_IDENTIFIER = AITeacherID.AITeacher;
				PRODUCT_NAME = "$(TARGET_NAME)";
				SWIFT_EMIT_LOC_STRINGS = YES;
				SWIFT_VERSION = 5.0;
				TARGETED_DEVICE_FAMILY = "1,2";
			};
			name = Release;
		};
/* End XCBuildConfiguration section */

/* Begin XCConfigurationList section */
		D8B9C90B2A2F236C001E3AA7 /* Build configuration list for PBXProject "AITeacher" */ = {
			isa = XCConfigurationList;
			buildConfigurations = (
				D8B9C9212A2F236D001E3AA7 /* Debug */,
				D8B9C9222A2F236D001E3AA7 /* Release */,
			);
			defaultConfigurationIsVisible = 0;
			defaultConfigurationName = Release;
		};
		D8B9C9232A2F236D001E3AA7 /* Build configuration list for PBXNativeTarget "AITeacher" */ = {
			isa = XCConfigurationList;
			buildConfigurations = (
				D8B9C9242A2F236D001E3AA7 /* Debug */,
				D8B9C9252A2F236D001E3AA7 /* Release */,
			);
			defaultConfigurationIsVisible = 0;
			defaultConfigurationName = Release;
		};
/* End XCConfigurationList section */

/* Begin XCRemoteSwiftPackageReference section */
		D861DCEE2A4C192A00AAD5D6 /* XCRemoteSwiftPackageReference "GoogleSignIn-iOS" */ = {
			isa = XCRemoteSwiftPackageReference;
			repositoryURL = "https://github.com/google/GoogleSignIn-iOS.git";
			requirement = {
				kind = upToNextMajorVersion;
				minimumVersion = 7.0.0;
			};
		};
		D87975682A4AD0C200A804B3 /* XCRemoteSwiftPackageReference "firebase-ios-sdk" */ = {
			isa = XCRemoteSwiftPackageReference;
			repositoryURL = "https://github.com/firebase/firebase-ios-sdk";
			requirement = {
				kind = upToNextMajorVersion;
				minimumVersion = 10.0.0;
			};
		};
/* End XCRemoteSwiftPackageReference section */

/* Begin XCSwiftPackageProductDependency section */
		D861DCEF2A4C192A00AAD5D6 /* GoogleSignIn */ = {
			isa = XCSwiftPackageProductDependency;
			package = D861DCEE2A4C192A00AAD5D6 /* XCRemoteSwiftPackageReference "GoogleSignIn-iOS" */;
			productName = GoogleSignIn;
		};
		D861DCF12A4C192A00AAD5D6 /* GoogleSignInSwift */ = {
			isa = XCSwiftPackageProductDependency;
			package = D861DCEE2A4C192A00AAD5D6 /* XCRemoteSwiftPackageReference "GoogleSignIn-iOS" */;
			productName = GoogleSignInSwift;
		};
		D861DCFE2A4C1E4A00AAD5D6 /* FirebaseAnalyticsSwift */ = {
			isa = XCSwiftPackageProductDependency;
			package = D87975682A4AD0C200A804B3 /* XCRemoteSwiftPackageReference "firebase-ios-sdk" */;
			productName = FirebaseAnalyticsSwift;
		};
		D87975692A4AD0C200A804B3 /* FirebaseAuth */ = {
			isa = XCSwiftPackageProductDependency;
			package = D87975682A4AD0C200A804B3 /* XCRemoteSwiftPackageReference "firebase-ios-sdk" */;
			productName = FirebaseAuth;
		};
		D879756B2A4AD0C200A804B3 /* FirebaseFirestore */ = {
			isa = XCSwiftPackageProductDependency;
			package = D87975682A4AD0C200A804B3 /* XCRemoteSwiftPackageReference "firebase-ios-sdk" */;
			productName = FirebaseFirestore;
		};
/* End XCSwiftPackageProductDependency section */

/* Begin XCVersionGroup section */
		D8B9C91E2A2F236D001E3AA7 /* AITeacher.xcdatamodeld */ = {
			isa = XCVersionGroup;
			children = (
				D8B9C91F2A2F236D001E3AA7 /* AITeacher.xcdatamodel */,
			);
			currentVersion = D8B9C91F2A2F236D001E3AA7 /* AITeacher.xcdatamodel */;
			path = AITeacher.xcdatamodeld;
			sourceTree = "<group>";
			versionGroupType = wrapper.xcdatamodel;
		};
/* End XCVersionGroup section */
	};
	rootObject = D8B9C9082A2F236C001E3AA7 /* Project object */;
}
